<?xml version="1.0" encoding="UTF-8" standalone="yes" ?>
<CodeBlocks_project_file>
	<FileVersion major="1" minor="6" />
	<Project>
		<Option title="ChickenRun2" />
		<Option pch_mode="2" />
		<Option compiler="gcc" />
		<Build>
			<Target title="Debug">
				<Option output="bin/Debug/ChickenRun2" prefix_auto="1" extension_auto="1" />
				<Option object_output="obj/Debug/" />
				<Option type="1" />
				<Option compiler="gcc" />
				<Compiler>
					<Add option="-g" />
				</Compiler>
				<Linker>
					<Add library="allegro/lib/liballegro_monolith-debug.dll.a" />
				</Linker>
			</Target>
			<Target title="Release">
				<Option output="bin/Release/ChickenRun2" prefix_auto="1" extension_auto="1" />
				<Option object_output="obj/Release/" />
				<Option type="1" />
				<Option compiler="gcc" />
				<Compiler>
					<Add option="-O2" />
				</Compiler>
				<Linker>
					<Add option="-s" />
					<Add library="allegro/lib/liballegro_monolith.dll.a" />
				</Linker>
			</Target>
		</Build>
		<Compiler>
			<Add option="-Wall" />
			<Add option="-fexceptions" />
			<Add directory="allegro/include" />
		</Compiler>
		<Unit filename="Bullet.cpp" />
		<Unit filename="Bullet.h" />
		<Unit filename="ChickenSoldier.h" />
		<Unit filename="ChicksTower.cpp" />
		<Unit filename="ChicksTower.h" />
		<Unit filename="ChikenSoldier.cpp" />
		<Unit filename="Circle.cpp" />
		<Unit filename="Circle.h" />
		<Unit filename="ComputerSoldier.cpp" />
		<Unit filename="ComputerSoldier.h" />
		<Unit filename="Draws.cpp" />
		<Unit filename="GameWindow.cpp" />
		<Unit filename="GameWindow.h" />
		<Unit filename="Level.cpp" />
		<Unit filename="Level.h" />
		<Unit filename="Object.h" />
		<Unit filename="RabbitSoldier.cpp" />
		<Unit filename="RabbitSoldier.h" />
		<Unit filename="RabbitTower.cpp" />
		<Unit filename="RabbitTower.h" />
		<Unit filename="SoldierButton.cpp" />
		<Unit filename="SoldierButton.h" />
		<Unit filename="TwoPlayer.cpp" />
		<Unit filename="TwoPlayer.h" />
		<Unit filename="Updates.cpp" />
		<Unit filename="boom.cpp" />
		<Unit filename="boom.h" />
		<Unit filename="global.cpp" />
		<Unit filename="global.h" />
		<Unit filename="main.cpp" />
		<Extensions />
	</Project>
</CodeBlocks_project_file>
